{
  "name": "icp-vr-marketplace",
  "version": "1.0.0",
  "lockfileVersion": 3,
  "requires": true,
  "packages": {
    "": {
      "name": "icp-vr-marketplace",
      "version": "1.0.0",
      "license": "MIT",
      "devDependencies": {
        "dfx": "^0.15.0"
      }
    },
    "node_modules/@effect/data": {
      "version": "0.18.7",
      "resolved": "https://registry.npmjs.org/@effect/data/-/data-0.18.7.tgz",
      "integrity": "sha512-r7C9VjavmG85wb5BOvcbbKGioPJCoBAFsJVOUNWlxZBRIU+l68ENpsyzCkWsU7dP4teAztjBZ89O3hVhBX0Huw==",
      "deprecated": "this package has been merged into the main effect package",
      "dev": true,
      "license": "MIT",
      "peer": true
    },
    "node_modules/@effect/io": {
      "version": "0.41.2",
      "resolved": "https://registry.npmjs.org/@effect/io/-/io-0.41.2.tgz",
      "integrity": "sha512-kSMMQbowTPhUGQIo+B/5F6WWynY14IWr9avLAv4oaZ6PtjP+w8sOOdO0YU3a+idBaO12uIuvba2ZFR6LnASM6w==",
      "deprecated": "this package has been merged into the main effect package",
      "dev": true,
      "license": "MIT",
      "peer": true,
      "peerDependencies": {
        "@effect/data": "^0.18.5"
      }
    },
    "node_modules/@fp-ts/core": {
      "version": "0.1.1",
      "resolved": "https://registry.npmjs.org/@fp-ts/core/-/core-0.1.1.tgz",
      "integrity": "sha512-7vQnrnvJAMrXgIwt0qQNhXkPDtm4l8vwql8EvXeY47v/FwnWpDvt1HISoO9Kq3am5SZ0A8Av+4NqPab2FRdKxw==",
      "dev": true,
      "license": "MIT",
      "peer": true
    },
    "node_modules/@fp-ts/data": {
      "version": "0.1.1",
      "resolved": "https://registry.npmjs.org/@fp-ts/data/-/data-0.1.1.tgz",
      "integrity": "sha512-hgsoSDKP01kGY+g/Ino+QX3VEqiPnf0mrhKujMajT4ma0w82i4u0nMEPbBykyMxscQirFemwl7CnWn7G3TadcA==",
      "dev": true,
      "license": "MIT",
      "peer": true,
      "dependencies": {
        "@fp-ts/core": "~0.1.1"
      }
    },
    "node_modules/bufferutil": {
      "version": "4.0.9",
      "resolved": "https://registry.npmjs.org/bufferutil/-/bufferutil-4.0.9.tgz",
      "integrity": "sha512-WDtdLmJvAuNNPzByAYpRo2rF1Mmradw6gvWsQKf63476DDXmomT9zUiGypLcG4ibIM67vhAj8jJRdbmEws2Aqw==",
      "dev": true,
      "hasInstallScript": true,
      "license": "MIT",
      "optional": true,
      "dependencies": {
        "node-gyp-build": "^4.3.0"
      },
      "engines": {
        "node": ">=6.14.2"
      }
    },
    "node_modules/callbag": {
      "version": "1.5.1",
      "resolved": "https://registry.npmjs.org/callbag/-/callbag-1.5.1.tgz",
      "integrity": "sha512-FGpkXYZ018Wpeevhsp7R2iABZuDamg54TaObKI48JBNGzMlkb9bRwS54eR0sgFksQpspsCan4iaaVbAbxm9MIg==",
      "dev": true,
      "license": "CC0"
    },
    "node_modules/callbag-buffer": {
      "version": "1.0.0",
      "resolved": "https://registry.npmjs.org/callbag-buffer/-/callbag-buffer-1.0.0.tgz",
      "integrity": "sha512-o2QIDeWbwSoBxI7oC9WABNRX38J4N+oCH9vbAvte1jssbie/kaRG/X4fBeGoMsocR4wYNk23NTn3DMqY+C5fgA==",
      "dev": true,
      "license": "MIT"
    },
    "node_modules/callbag-buffer-time": {
      "version": "1.0.0",
      "resolved": "https://registry.npmjs.org/callbag-buffer-time/-/callbag-buffer-time-1.0.0.tgz",
      "integrity": "sha512-Y9XqJWqs0M9gTvn8jQit+pXDYxrzh7KqIgN9MhwT5NzQGgEACSCzYKQpjT6p9ejfnimFjHWQC9+bifjIKnKxDQ==",
      "dev": true,
      "license": "MIT",
      "dependencies": {
        "callbag-buffer": "^1.0.0",
        "callbag-interval": "^1.0.0"
      }
    },
    "node_modules/callbag-concat": {
      "version": "1.2.1",
      "resolved": "https://registry.npmjs.org/callbag-concat/-/callbag-concat-1.2.1.tgz",
      "integrity": "sha512-iIC4FCUF7sKnt4gDKHNjMRHekebdaA1/udjON/mCLg31EzzTO/dE9nfxpcj+G/63KopFXVQdZKQDsu7UOYGpPg==",
      "dev": true,
      "license": "MIT",
      "dependencies": {
        "callbag": "^1.2.0"
      }
    },
    "node_modules/callbag-effect-ts": {
      "version": "1.0.0-alpha.17",
      "resolved": "https://registry.npmjs.org/callbag-effect-ts/-/callbag-effect-ts-1.0.0-alpha.17.tgz",
      "integrity": "sha512-4unWOY/6m34/EXmzbCfQhC5x5Tca68cgd9kN4Fx4bzhEZTngV9XpCVWvhZg5ca4pdCsg4uOEngRsbRgc2M6dVg==",
      "dev": true,
      "license": "MIT",
      "dependencies": {
        "strict-callbag-basics": "^1.0.2"
      },
      "peerDependencies": {
        "@effect/io": "*",
        "@fp-ts/data": "*"
      }
    },
    "node_modules/callbag-filter": {
      "version": "1.1.0",
      "resolved": "https://registry.npmjs.org/callbag-filter/-/callbag-filter-1.1.0.tgz",
      "integrity": "sha512-m6ZHEd9JYHBAYJAdeqgt3gIKSoZOizfJTxIPd8EvDwY8Dr44+slm090WvCrrlz2SZoU8mCqpmZ8TFrGKXHo/yw==",
      "dev": true,
      "license": "MIT",
      "dependencies": {
        "callbag": "^1.1.0"
      }
    },
    "node_modules/callbag-flatten": {
      "version": "1.7.0",
      "resolved": "https://registry.npmjs.org/callbag-flatten/-/callbag-flatten-1.7.0.tgz",
      "integrity": "sha512-1nekVS5GwI38CRcIzmLFRFmXeoHkLG/SkUAwwvarwL4srmHW994UzFAcwwQbZjI9gudqfVDvY+LnopNb4Dtc4w==",
      "dev": true,
      "license": "MIT",
      "dependencies": {
        "callbag": "^1.1.0"
      }
    },
    "node_modules/callbag-from-iter": {
      "version": "1.3.0",
      "resolved": "https://registry.npmjs.org/callbag-from-iter/-/callbag-from-iter-1.3.0.tgz",
      "integrity": "sha512-iBc6O6DYDWQBjlOZzdU/SbJofK0pN3TjNWC4fDIQePBk5FWCZKVll/coXiVU6gpwbBaS0Om/d/PVbVK8Ki17Ew==",
      "dev": true,
      "license": "MIT",
      "dependencies": {
        "callbag": "^1.2.0"
      }
    },
    "node_modules/callbag-from-obs": {
      "version": "1.2.0",
      "resolved": "https://registry.npmjs.org/callbag-from-obs/-/callbag-from-obs-1.2.0.tgz",
      "integrity": "sha512-InhdPC6P4Gdpg7nuXSkocDFlb+//sbwCrVCYhxOHhSVm1gDcw/zSA+IF1gHdYtk4RQKKaCymUFCkVVUVSRThVQ==",
      "dev": true,
      "license": "MIT",
      "dependencies": {
        "symbol-observable": "^1.2.0"
      }
    },
    "node_modules/callbag-from-obs/node_modules/symbol-observable": {
      "version": "1.2.0",
      "resolved": "https://registry.npmjs.org/symbol-observable/-/symbol-observable-1.2.0.tgz",
      "integrity": "sha512-e900nM8RRtGhlV36KGEU9k65K3mPb1WV70OdjfxlG2EAuM1noi/E/BaW/uMhL7bPEssK8QV57vN3esixjUvcXQ==",
      "dev": true,
      "license": "MIT",
      "engines": {
        "node": ">=0.10.0"
      }
    },
    "node_modules/callbag-interval": {
      "version": "1.2.0",
      "resolved": "https://registry.npmjs.org/callbag-interval/-/callbag-interval-1.2.0.tgz",
      "integrity": "sha512-jo2UQZ+vvGWvCCykqKzL7ixSoTmvzDysQGTQkI3qQF28weRSMSmH5k86qmm7ddfPW1yNczcL93uhGnWC5e34Og==",
      "dev": true,
      "license": "MIT",
      "dependencies": {
        "callbag": "^1.1.0"
      }
    },
    "node_modules/callbag-scan": {
      "version": "1.1.0",
      "resolved": "https://registry.npmjs.org/callbag-scan/-/callbag-scan-1.1.0.tgz",
      "integrity": "sha512-5Aw9LR8b4Fg/gC++lWrq9sXEqgO0c5Gk+HWaFhFoVqgujSUVRxFw+c4bLw1eExWrBX6OeBDbVZ/2rMr/E0q9cQ==",
      "dev": true,
      "license": "MIT",
      "dependencies": {
        "callbag": "^1.1.0"
      }
    },
    "node_modules/callbag-share": {
      "version": "1.3.0",
      "resolved": "https://registry.npmjs.org/callbag-share/-/callbag-share-1.3.0.tgz",
      "integrity": "sha512-KqM16UzlvK3DcYRsT6Myabm4GqvsMQIoGLWmawVVoMAw3534O0XCa+6Sai0mjFKenC3tqTacyChlusoZoZmdsg==",
      "dev": true,
      "license": "MIT",
      "dependencies": {
        "callbag": "^1.1.0"
      }
    },
    "node_modules/callbag-start-with": {
      "version": "3.1.0",
      "resolved": "https://registry.npmjs.org/callbag-start-with/-/callbag-start-with-3.1.0.tgz",
      "integrity": "sha512-jeEvUoZqZj8ZVMgST7ci9wCH33e9vaARQCFrPy/8et0HYL6RNzgwi3BmfcIy63d6vpqGbciYex/3T4TiFxGgyA==",
      "dev": true,
      "license": "MIT"
    },
    "node_modules/callbag-take": {
      "version": "1.5.0",
      "resolved": "https://registry.npmjs.org/callbag-take/-/callbag-take-1.5.0.tgz",
      "integrity": "sha512-8aOxp+gzfVQtDe+tk9PhKbC9QR9Vap4KFA0xccUiXFK9VjIS0fSt/Yi454viPpMhJkhRcx1BsjyF34Cj57W89A==",
      "dev": true,
      "license": "MIT",
      "dependencies": {
        "callbag": "^1.1.0"
      }
    },
    "node_modules/callbag-take-while": {
      "version": "2.0.0",
      "resolved": "https://registry.npmjs.org/callbag-take-while/-/callbag-take-while-2.0.0.tgz",
      "integrity": "sha512-c6nnV14Xh/QEzkD6dgFSitMs0moh4ejF0zSf5SyHxNZdOjJtO+B9G9FKH7GCKPI9q485sjJ51/WcZLCloY1RdA==",
      "dev": true,
      "license": "MIT",
      "dependencies": {
        "callbag": "^1.1.0"
      }
    },
    "node_modules/callbag-to-async-iterable": {
      "version": "1.0.0",
      "resolved": "https://registry.npmjs.org/callbag-to-async-iterable/-/callbag-to-async-iterable-1.0.0.tgz",
      "integrity": "sha512-+N53OaDKIq/LfZf20IkoiltbYx/8RI6d+j8A9vaYP5/VsoxXFKscz9Mz6JaBprb1I/PVq1b9CKOrTe7ESxiPVw==",
      "dev": true,
      "license": "MIT"
    },
    "node_modules/dfx": {
      "version": "0.15.5",
      "resolved": "https://registry.npmjs.org/dfx/-/dfx-0.15.5.tgz",
      "integrity": "sha512-lUjZ4oV08l7M2GH7Jalb/1SfnaLZGOZdseC1fQMNG6uA/HwWdwJvANHt5HWEkxn5/WhFmcmG29dBhyGDjpcY/g==",
      "dev": true,
      "license": "MIT",
      "dependencies": {
        "callbag-effect-ts": "1.0.0-alpha.17",
        "ts-toolbelt": "^9.6.0",
        "tweetnacl": "^1.0.3"
      },
      "optionalDependencies": {
        "bufferutil": "^4.0.7",
        "isomorphic-ws": "^5.0.0",
        "utf-8-validate": "^5.0.10",
        "ws": "^8.11.0"
      },
      "peerDependencies": {
        "@effect/io": "*",
        "@fp-ts/data": "*"
      }
    },
    "node_modules/isomorphic-ws": {
      "version": "5.0.0",
      "resolved": "https://registry.npmjs.org/isomorphic-ws/-/isomorphic-ws-5.0.0.tgz",
      "integrity": "sha512-muId7Zzn9ywDsyXgTIafTry2sV3nySZeUDe6YedVd1Hvuuep5AsIlqK+XefWpYTyJG5e503F2xIuT2lcU6rCSw==",
      "dev": true,
      "license": "MIT",
      "optional": true,
      "peerDependencies": {
        "ws": "*"
      }
    },
    "node_modules/node-gyp-build": {
      "version": "4.8.4",
      "resolved": "https://registry.npmjs.org/node-gyp-build/-/node-gyp-build-4.8.4.tgz",
      "integrity": "sha512-LA4ZjwlnUblHVgq0oBF3Jl/6h/Nvs5fzBLwdEF4nuxnFdsfajde4WfxtJr3CaiH+F6ewcIB/q4jQ4UzPyid+CQ==",
      "dev": true,
      "license": "MIT",
      "optional": true,
      "bin": {
        "node-gyp-build": "bin.js",
        "node-gyp-build-optional": "optional.js",
        "node-gyp-build-test": "build-test.js"
      }
    },
    "node_modules/strict-callbag": {
      "version": "1.0.0",
      "resolved": "https://registry.npmjs.org/strict-callbag/-/strict-callbag-1.0.0.tgz",
      "integrity": "sha512-V0ysCDVSM1Q5UVuTRNpkUnKzdRnv0vFb5H1ByZROtc+Iou/yCss4yK4wvUlI4wxXTzmUCFzU6fS0cZDGY2ypiQ==",
      "dev": true,
      "license": "MIT"
    },
    "node_modules/strict-callbag-basics": {
      "version": "1.0.2",
      "resolved": "https://registry.npmjs.org/strict-callbag-basics/-/strict-callbag-basics-1.0.2.tgz",
      "integrity": "sha512-bJKwgmG6j8+8pTXJj0mVcuaalZsvuQ9EPvXVyzBjqwciHl0NBW2tJSqt/9xhJKYfzgbQbq/3aKbrG1FNvSh4Cg==",
      "dev": true,
      "license": "MIT",
      "dependencies": {
        "callbag-buffer": "^1.0.0",
        "callbag-buffer-time": "^1.0.0",
        "callbag-concat": "^1.2.1",
        "callbag-filter": "^1.1.0",
        "callbag-flatten": "^1.7.0",
        "callbag-from-iter": "^1.3.0",
        "callbag-from-obs": "^1.2.0",
        "callbag-interval": "^1.2.0",
        "callbag-scan": "^1.1.0",
        "callbag-share": "^1.3.0",
        "callbag-start-with": "^3.1.0",
        "callbag-take": "^1.5.0",
        "callbag-take-while": "^2.0.0",
        "callbag-to-async-iterable": "^1.0.0",
        "strict-callbag": "^1.0.0",
        "symbol-observable": "^4.0.0"
      }
    },
    "node_modules/symbol-observable": {
      "version": "4.0.0",
      "resolved": "https://registry.npmjs.org/symbol-observable/-/symbol-observable-4.0.0.tgz",
      "integrity": "sha512-b19dMThMV4HVFynSAM1++gBHAbk2Tc/osgLIBZMKsyqh34jb2e8Os7T6ZW/Bt3pJFdBTd2JwAnAAEQV7rSNvcQ==",
      "dev": true,
      "license": "MIT",
      "engines": {
        "node": ">=0.10"
      }
    },
    "node_modules/ts-toolbelt": {
      "version": "9.6.0",
      "resolved": "https://registry.npmjs.org/ts-toolbelt/-/ts-toolbelt-9.6.0.tgz",
      "integrity": "sha512-nsZd8ZeNUzukXPlJmTBwUAuABDe/9qtVDelJeT/qW0ow3ZS3BsQJtNkan1802aM9Uf68/Y8ljw86Hu0h5IUW3w==",
      "dev": true,
      "license": "Apache-2.0"
    },
    "node_modules/tweetnacl": {
      "version": "1.0.3",
      "resolved": "https://registry.npmjs.org/tweetnacl/-/tweetnacl-1.0.3.tgz",
      "integrity": "sha512-6rt+RN7aOi1nGMyC4Xa5DdYiukl2UWCbcJft7YhxReBGQD7OAM8Pbxw6YMo4r2diNEA8FEmu32YOn9rhaiE5yw==",
      "dev": true,
      "license": "Unlicense"
    },
    "node_modules/utf-8-validate": {
      "version": "5.0.10",
      "resolved": "https://registry.npmjs.org/utf-8-validate/-/utf-8-validate-5.0.10.tgz",
      "integrity": "sha512-Z6czzLq4u8fPOyx7TU6X3dvUZVvoJmxSQ+IcrlmagKhilxlhZgxPK6C5Jqbkw1IDUmFTM+cz9QDnnLTwDz/2gQ==",
      "dev": true,
      "hasInstallScript": true,
      "license": "MIT",
      "optional": true,
      "dependencies": {
        "node-gyp-build": "^4.3.0"
      },
      "engines": {
        "node": ">=6.14.2"
      }
    },
    "node_modules/ws": {
      "version": "8.18.3",
      "resolved": "https://registry.npmjs.org/ws/-/ws-8.18.3.tgz",
      "integrity": "sha512-PEIGCY5tSlUt50cqyMXfCzX+oOPqN0vuGqWzbcJ2xvnkzkq46oOpz7dQaTDBdfICb4N14+GARUDw2XV2N4tvzg==",
      "dev": true,
      "license": "MIT",
      "optional": true,
      "engines": {
        "node": ">=10.0.0"
      },
      "peerDependencies": {
        "bufferutil": "^4.0.1",
        "utf-8-validate": ">=5.0.2"
      },
      "peerDependenciesMeta": {
        "bufferutil": {
          "optional": true
        },
        "utf-8-validate": {
          "optional": true
        }
      }
    }
  }
}
